// !$*UTF8*$!
{
	archiveVersion = 1;
	classes = {
	};
	objectVersion = 46;
	objects = {

/* Begin PBXBuildFile section */
		01601FBC16818F6900E5FEF5 /* UIKit.framework in Frameworks */ = {isa = PBXBuildFile; fileRef = 01601FBB16818F6900E5FEF5 /* UIKit.framework */; };
		01601FBE16818F6900E5FEF5 /* Foundation.framework in Frameworks */ = {isa = PBXBuildFile; fileRef = 01601FBD16818F6900E5FEF5 /* Foundation.framework */; };
		01601FC016818F6900E5FEF5 /* CoreGraphics.framework in Frameworks */ = {isa = PBXBuildFile; fileRef = 01601FBF16818F6900E5FEF5 /* CoreGraphics.framework */; };
		01601FC616818F6900E5FEF5 /* InfoPlist.strings in Resources */ = {isa = PBXBuildFile; fileRef = 01601FC416818F6900E5FEF5 /* InfoPlist.strings */; };
		01601FC816818F6900E5FEF5 /* main.m in Sources */ = {isa = PBXBuildFile; fileRef = 01601FC716818F6900E5FEF5 /* main.m */; };
		01601FCC16818F6900E5FEF5 /* AppDelegate.m in Sources */ = {isa = PBXBuildFile; fileRef = 01601FCB16818F6900E5FEF5 /* AppDelegate.m */; };
		01601FCE16818F6900E5FEF5 /* Default.png in Resources */ = {isa = PBXBuildFile; fileRef = 01601FCD16818F6900E5FEF5 /* Default.png */; };
		01601FD016818F6900E5FEF5 /* Default@2x.png in Resources */ = {isa = PBXBuildFile; fileRef = 01601FCF16818F6900E5FEF5 /* Default@2x.png */; };
		01601FD216818F6900E5FEF5 /* Default-568h@2x.png in Resources */ = {isa = PBXBuildFile; fileRef = 01601FD116818F6900E5FEF5 /* Default-568h@2x.png */; };
		01601FD516818F6900E5FEF5 /* MainStoryboard.storyboard in Resources */ = {isa = PBXBuildFile; fileRef = 01601FD316818F6900E5FEF5 /* MainStoryboard.storyboard */; };
		01601FD816818F6900E5FEF5 /* ViewController.m in Sources */ = {isa = PBXBuildFile; fileRef = 01601FD716818F6900E5FEF5 /* ViewController.m */; };
		01601FDF16818F8C00E5FEF5 /* CoreText.framework in Frameworks */ = {isa = PBXBuildFile; fileRef = 01601FDE16818F8C00E5FEF5 /* CoreText.framework */; };
		01601FE21681921D00E5FEF5 /* CTView.m in Sources */ = {isa = PBXBuildFile; fileRef = 01601FE11681921D00E5FEF5 /* CTView.m */; };
		01601FE51681B8C600E5FEF5 /* MarkupParser.m in Sources */ = {isa = PBXBuildFile; fileRef = 01601FE41681B8C600E5FEF5 /* MarkupParser.m */; };
		01601FEF1684233A00E5FEF5 /* test.txt in Resources */ = {isa = PBXBuildFile; fileRef = 01601FEE1684233A00E5FEF5 /* test.txt */; };
		0160200016842D7500E5FEF5 /* test3.txt in Resources */ = {isa = PBXBuildFile; fileRef = 01601FFF16842D7500E5FEF5 /* test3.txt */; };
		016020031684312F00E5FEF5 /* CTColumnView.m in Sources */ = {isa = PBXBuildFile; fileRef = 016020021684312F00E5FEF5 /* CTColumnView.m */; };
		016020051684471000E5FEF5 /* xzy.txt in Resources */ = {isa = PBXBuildFile; fileRef = 016020041684471000E5FEF5 /* xzy.txt */; };
/* End PBXBuildFile section */

/* Begin PBXFileReference section */
		01601FB716818F6900E5FEF5 /* CoreTextMagazine.app */ = {isa = PBXFileReference; explicitFileType = wrapper.application; includeInIndex = 0; path = CoreTextMagazine.app; sourceTree = BUILT_PRODUCTS_DIR; };
		01601FBB16818F6900E5FEF5 /* UIKit.framework */ = {isa = PBXFileReference; lastKnownFileType = wrapper.framework; name = UIKit.framework; path = System/Library/Frameworks/UIKit.framework; sourceTree = SDKROOT; };
		01601FBD16818F6900E5FEF5 /* Foundation.framework */ = {isa = PBXFileReference; lastKnownFileType = wrapper.framework; name = Foundation.framework; path = System/Library/Frameworks/Foundation.framework; sourceTree = SDKROOT; };
		01601FBF16818F6900E5FEF5 /* CoreGraphics.framework */ = {isa = PBXFileReference; lastKnownFileType = wrapper.framework; name = CoreGraphics.framework; path = System/Library/Frameworks/CoreGraphics.framework; sourceTree = SDKROOT; };
		01601FC316818F6900E5FEF5 /* CoreTextMagazine-Info.plist */ = {isa = PBXFileReference; lastKnownFileType = text.plist.xml; path = "CoreTextMagazine-Info.plist"; sourceTree = "<group>"; };
		01601FC516818F6900E5FEF5 /* en */ = {isa = PBXFileReference; lastKnownFileType = text.plist.strings; name = en; path = en.lproj/InfoPlist.strings; sourceTree = "<group>"; };
		01601FC716818F6900E5FEF5 /* main.m */ = {isa = PBXFileReference; lastKnownFileType = sourcecode.c.objc; path = main.m; sourceTree = "<group>"; };
		01601FC916818F6900E5FEF5 /* CoreTextMagazine-Prefix.pch */ = {isa = PBXFileReference; lastKnownFileType = sourcecode.c.h; path = "CoreTextMagazine-Prefix.pch"; sourceTree = "<group>"; };
		01601FCA16818F6900E5FEF5 /* AppDelegate.h */ = {isa = PBXFileReference; lastKnownFileType = sourcecode.c.h; path = AppDelegate.h; sourceTree = "<group>"; };
		01601FCB16818F6900E5FEF5 /* AppDelegate.m */ = {isa = PBXFileReference; lastKnownFileType = sourcecode.c.objc; path = AppDelegate.m; sourceTree = "<group>"; };
		01601FCD16818F6900E5FEF5 /* Default.png */ = {isa = PBXFileReference; lastKnownFileType = image.png; path = Default.png; sourceTree = "<group>"; };
		01601FCF16818F6900E5FEF5 /* Default@2x.png */ = {isa = PBXFileReference; lastKnownFileType = image.png; path = "Default@2x.png"; sourceTree = "<group>"; };
		01601FD116818F6900E5FEF5 /* Default-568h@2x.png */ = {isa = PBXFileReference; lastKnownFileType = image.png; path = "Default-568h@2x.png"; sourceTree = "<group>"; };
		01601FD416818F6900E5FEF5 /* en */ = {isa = PBXFileReference; lastKnownFileType = file.storyboard; name = en; path = en.lproj/MainStoryboard.storyboard; sourceTree = "<group>"; };
		01601FD616818F6900E5FEF5 /* ViewController.h */ = {isa = PBXFileReference; lastKnownFileType = sourcecode.c.h; path = ViewController.h; sourceTree = "<group>"; };
		01601FD716818F6900E5FEF5 /* ViewController.m */ = {isa = PBXFileReference; lastKnownFileType = sourcecode.c.objc; path = ViewController.m; sourceTree = "<group>"; };
		01601FDE16818F8C00E5FEF5 /* CoreText.framework */ = {isa = PBXFileReference; lastKnownFileType = wrapper.framework; name = CoreText.framework; path = System/Library/Frameworks/CoreText.framework; sourceTree = SDKROOT; };
		01601FE01681921D00E5FEF5 /* CTView.h */ = {isa = PBXFileReference; fileEncoding = 4; lastKnownFileType = sourcecode.c.h; path = CTView.h; sourceTree = "<group>"; };
		01601FE11681921D00E5FEF5 /* CTView.m */ = {isa = PBXFileReference; fileEncoding = 4; lastKnownFileType = sourcecode.c.objc; path = CTView.m; sourceTree = "<group>"; };
		01601FE31681B8C600E5FEF5 /* MarkupParser.h */ = {isa = PBXFileReference; fileEncoding = 4; lastKnownFileType = sourcecode.c.h; path = MarkupParser.h; sourceTree = "<group>"; };
		01601FE41681B8C600E5FEF5 /* MarkupParser.m */ = {isa = PBXFileReference; fileEncoding = 4; lastKnownFileType = sourcecode.c.objc; path = MarkupParser.m; sourceTree = "<group>"; };
		01601FEE1684233A00E5FEF5 /* test.txt */ = {isa = PBXFileReference; fileEncoding = 4; lastKnownFileType = text; path = test.txt; sourceTree = "<group>"; };
		01601FFF16842D7500E5FEF5 /* test3.txt */ = {isa = PBXFileReference; fileEncoding = 4; lastKnownFileType = text; path = test3.txt; sourceTree = "<group>"; };
		016020011684312F00E5FEF5 /* CTColumnView.h */ = {isa = PBXFileReference; fileEncoding = 4; lastKnownFileType = sourcecode.c.h; path = CTColumnView.h; sourceTree = "<group>"; };
		016020021684312F00E5FEF5 /* CTColumnView.m */ = {isa = PBXFileReference; fileEncoding = 4; lastKnownFileType = sourcecode.c.objc; path = CTColumnView.m; sourceTree = "<group>"; };
		016020041684471000E5FEF5 /* xzy.txt */ = {isa = PBXFileReference; fileEncoding = 4; lastKnownFileType = text; path = xzy.txt; sourceTree = "<group>"; };
/* End PBXFileReference section */

/* Begin PBXFrameworksBuildPhase section */
		01601FB416818F6900E5FEF5 /* Frameworks */ = {
			isa = PBXFrameworksBuildPhase;
			buildActionMask = 2147483647;
			files = (
				01601FDF16818F8C00E5FEF5 /* CoreText.framework in Frameworks */,
				01601FBC16818F6900E5FEF5 /* UIKit.framework in Frameworks */,
				01601FBE16818F6900E5FEF5 /* Foundation.framework in Frameworks */,
				01601FC016818F6900E5FEF5 /* CoreGraphics.framework in Frameworks */,
			);
			runOnlyForDeploymentPostprocessing = 0;
		};
/* End PBXFrameworksBuildPhase section */

/* Begin PBXGroup section */
		01601FAC16818F6900E5FEF5 = {
			isa = PBXGroup;
			children = (
				01601FC116818F6900E5FEF5 /* CoreTextMagazine */,
				01601FBA16818F6900E5FEF5 /* Frameworks */,
				01601FB816818F6900E5FEF5 /* Products */,
			);
			sourceTree = "<group>";
		};
		01601FB816818F6900E5FEF5 /* Products */ = {
			isa = PBXGroup;
			children = (
				01601FB716818F6900E5FEF5 /* CoreTextMagazine.app */,
			);
			name = Products;
			sourceTree = "<group>";
		};
		01601FBA16818F6900E5FEF5 /* Frameworks */ = {
			isa = PBXGroup;
			children = (
				01601FDE16818F8C00E5FEF5 /* CoreText.framework */,
				01601FBB16818F6900E5FEF5 /* UIKit.framework */,
				01601FBD16818F6900E5FEF5 /* Foundation.framework */,
				01601FBF16818F6900E5FEF5 /* CoreGraphics.framework */,
			);
			name = Frameworks;
			sourceTree = "<group>";
		};
		01601FC116818F6900E5FEF5 /* CoreTextMagazine */ = {
			isa = PBXGroup;
			children = (
				01601FCA16818F6900E5FEF5 /* AppDelegate.h */,
				01601FCB16818F6900E5FEF5 /* AppDelegate.m */,
				01601FD316818F6900E5FEF5 /* MainStoryboard.storyboard */,
				01601FD616818F6900E5FEF5 /* ViewController.h */,
				01601FD716818F6900E5FEF5 /* ViewController.m */,
				01601FC216818F6900E5FEF5 /* Supporting Files */,
				01601FE01681921D00E5FEF5 /* CTView.h */,
				01601FE11681921D00E5FEF5 /* CTView.m */,
				016020011684312F00E5FEF5 /* CTColumnView.h */,
				016020021684312F00E5FEF5 /* CTColumnView.m */,
				01601FE31681B8C600E5FEF5 /* MarkupParser.h */,
				01601FE41681B8C600E5FEF5 /* MarkupParser.m */,
			);
			path = CoreTextMagazine;
			sourceTree = "<group>";
		};
		01601FC216818F6900E5FEF5 /* Supporting Files */ = {
			isa = PBXGroup;
			children = (
				016020041684471000E5FEF5 /* xzy.txt */,
				01601FFF16842D7500E5FEF5 /* test3.txt */,
				01601FEE1684233A00E5FEF5 /* test.txt */,
				01601FC316818F6900E5FEF5 /* CoreTextMagazine-Info.plist */,
				01601FC416818F6900E5FEF5 /* InfoPlist.strings */,
				01601FC716818F6900E5FEF5 /* main.m */,
				01601FC916818F6900E5FEF5 /* CoreTextMagazine-Prefix.pch */,
				01601FCD16818F6900E5FEF5 /* Default.png */,
				01601FCF16818F6900E5FEF5 /* Default@2x.png */,
				01601FD116818F6900E5FEF5 /* Default-568h@2x.png */,
			);
			name = "Supporting Files";
			sourceTree = "<group>";
		};
/* End PBXGroup section */

/* Begin PBXNativeTarget section */
		01601FB616818F6900E5FEF5 /* CoreTextMagazine */ = {
			isa = PBXNativeTarget;
			buildConfigurationList = 01601FDB16818F6900E5FEF5 /* Build configuration list for PBXNativeTarget "CoreTextMagazine" */;
			buildPhases = (
				01601FB316818F6900E5FEF5 /* Sources */,
				01601FB416818F6900E5FEF5 /* Frameworks */,
				01601FB516818F6900E5FEF5 /* Resources */,
			);
			buildRules = (
			);
			dependencies = (
			);
			name = CoreTextMagazine;
			productName = CoreTextMagazine;
			productReference = 01601FB716818F6900E5FEF5 /* CoreTextMagazine.app */;
			productType = "com.apple.product-type.application";
		};
/* End PBXNativeTarget section */

/* Begin PBXProject section */
		01601FAE16818F6900E5FEF5 /* Project object */ = {
			isa = PBXProject;
			attributes = {
				LastUpgradeCheck = 0450;
				ORGANIZATIONNAME = liuwei;
			};
			buildConfigurationList = 01601FB116818F6900E5FEF5 /* Build configuration list for PBXProject "CoreTextMagazine" */;
			compatibilityVersion = "Xcode 3.2";
			developmentRegion = English;
			hasScannedForEncodings = 0;
			knownRegions = (
				en,
			);
			mainGroup = 01601FAC16818F6900E5FEF5;
			productRefGroup = 01601FB816818F6900E5FEF5 /* Products */;
			projectDirPath = "";
			projectRoot = "";
			targets = (
				01601FB616818F6900E5FEF5 /* CoreTextMagazine */,
			);
		};
/* End PBXProject section */

/* Begin PBXResourcesBuildPhase section */
		01601FB516818F6900E5FEF5 /* Resources */ = {
			isa = PBXResourcesBuildPhase;
			buildActionMask = 2147483647;
			files = (
				01601FC616818F6900E5FEF5 /* InfoPlist.strings in Resources */,
				01601FCE16818F6900E5FEF5 /* Default.png in Resources */,
				01601FD016818F6900E5FEF5 /* Default@2x.png in Resources */,
				01601FD216818F6900E5FEF5 /* Default-568h@2x.png in Resources */,
				01601FD516818F6900E5FEF5 /* MainStoryboard.storyboard in Resources */,
				01601FEF1684233A00E5FEF5 /* test.txt in Resources */,
				0160200016842D7500E5FEF5 /* test3.txt in Resources */,
				016020051684471000E5FEF5 /* xzy.txt in Resources */,
			);
			runOnlyForDeploymentPostprocessing = 0;
		};
/* End PBXResourcesBuildPhase section */

/* Begin PBXSourcesBuildPhase section */
		01601FB316818F6900E5FEF5 /* Sources */ = {
			isa = PBXSourcesBuildPhase;
			buildActionMask = 2147483647;
			files = (
				01601FC816818F6900E5FEF5 /* main.m in Sources */,
				01601FCC16818F6900E5FEF5 /* AppDelegate.m in Sources */,
				01601FD816818F6900E5FEF5 /* ViewController.m in Sources */,
				01601FE21681921D00E5FEF5 /* CTView.m in Sources */,
				01601FE51681B8C600E5FEF5 /* MarkupParser.m in Sources */,
				016020031684312F00E5FEF5 /* CTColumnView.m in Sources */,
			);
			runOnlyForDeploymentPostprocessing = 0;
		};
/* End PBXSourcesBuildPhase section */

/* Begin PBXVariantGroup section */
		01601FC416818F6900E5FEF5 /* InfoPlist.strings */ = {
			isa = PBXVariantGroup;
			children = (
				01601FC516818F6900E5FEF5 /* en */,
			);
			name = InfoPlist.strings;
			sourceTree = "<group>";
		};
		01601FD316818F6900E5FEF5 /* MainStoryboard.storyboard */ = {
			isa = PBXVariantGroup;
			children = (
				01601FD416818F6900E5FEF5 /* en */,
			);
			name = MainStoryboard.storyboard;
			sourceTree = "<group>";
		};
/* End PBXVariantGroup section */

/* Begin XCBuildConfiguration section */
		01601FD916818F6900E5FEF5 /* Debug */ = {
			isa = XCBuildConfiguration;
			buildSettings = {
				ALWAYS_SEARCH_USER_PATHS = NO;
				CLANG_CXX_LANGUAGE_STANDARD = "gnu++0x";
				CLANG_CXX_LIBRARY = "libc++";
				CLANG_ENABLE_OBJC_ARC = YES;
				CLANG_WARN_EMPTY_BODY = YES;
				CLANG_WARN__DUPLICATE_METHOD_MATCH = YES;
				"CODE_SIGN_IDENTITY[sdk=iphoneos*]" = "iPhone Developer";
				COPY_PHASE_STRIP = NO;
				GCC_C_LANGUAGE_STANDARD = gnu99;
				GCC_DYNAMIC_NO_PIC = NO;
				GCC_OPTIMIZATION_LEVEL = 0;
				GCC_PREPROCESSOR_DEFINITIONS = (
					"DEBUG=1",
					"$(inherited)",
				);
				GCC_SYMBOLS_PRIVATE_EXTERN = NO;
				GCC_WARN_ABOUT_RETURN_TYPE = YES;
				GCC_WARN_UNINITIALIZED_AUTOS = YES;
				GCC_WARN_UNUSED_VARIABLE = YES;
				IPHONEOS_DEPLOYMENT_TARGET = 6.0;
				ONLY_ACTIVE_ARCH = YES;
				SDKROOT = iphoneos;
				TARGETED_DEVICE_FAMILY = 2;
			};
			name = Debug;
		};
		01601FDA16818F6900E5FEF5 /* Release */ = {
			isa = XCBuildConfiguration;
			buildSettings = {
				ALWAYS_SEARCH_USER_PATHS = NO;
				CLANG_CXX_LANGUAGE_STANDARD = "gnu++0x";
				CLANG_CXX_LIBRARY = "libc++";
				CLANG_ENABLE_OBJC_ARC = YES;
				CLANG_WARN_EMPTY_BODY = YES;
				CLANG_WARN__DUPLICATE_METHOD_MATCH = YES;
				"CODE_SIGN_IDENTITY[sdk=iphoneos*]" = "iPhone Developer";
				COPY_PHASE_STRIP = YES;
				GCC_C_LANGUAGE_STANDARD = gnu99;
				GCC_WARN_ABOUT_RETURN_TYPE = YES;
				GCC_WARN_UNINITIALIZED_AUTOS = YES;
				GCC_WARN_UNUSED_VARIABLE = YES;
				IPHONEOS_DEPLOYMENT_TARGET = 6.0;
				OTHER_CFLAGS = "-DNS_BLOCK_ASSERTIONS=1";
				SDKROOT = iphoneos;
				TARGETED_DEVICE_FAMILY = 2;
				VALIDATE_PRODUCT = YES;
			};
			name = Release;
		};
		01601FDC16818F6900E5FEF5 /* Debug */ = {
			isa = XCBuildConfiguration;
			buildSettings = {
				GCC_PRECOMPILE_PREFIX_HEADER = YES;
				GCC_PREFIX_HEADER = "CoreTextMagazine/CoreTextMagazine-Prefix.pch";
				INFOPLIST_FILE = "CoreTextMagazine/CoreTextMagazine-Info.plist";
				PRODUCT_NAME = "$(TARGET_NAME)";
				WRAPPER_EXTENSION = app;
			};
			name = Debug;
		};
		01601FDD16818F6900E5FEF5 /* Release */ = {
			isa = XCBuildConfiguration;
			buildSettings = {
				GCC_PRECOMPILE_PREFIX_HEADER = YES;
				GCC_PREFIX_HEADER = "CoreTextMagazine/CoreTextMagazine-Prefix.pch";
				INFOPLIST_FILE = "CoreTextMagazine/CoreTextMagazine-Info.plist";
				PRODUCT_NAME = "$(TARGET_NAME)";
				WRAPPER_EXTENSION = app;
			};
			name = Release;
		};
/* End XCBuildConfiguration section */

/* Begin XCConfigurationList section */
		01601FB116818F6900E5FEF5 /* Build configuration list for PBXProject "CoreTextMagazine" */ = {
			isa = XCConfigurationList;
			buildConfigurations = (
				01601FD916818F6900E5FEF5 /* Debug */,
				01601FDA16818F6900E5FEF5 /* Release */,
			);
			defaultConfigurationIsVisible = 0;
			defaultConfigurationName = Release;
		};
		01601FDB16818F6900E5FEF5 /* Build configuration list for PBXNativeTarget "CoreTextMagazine" */ = {
			isa = XCConfigurationList;
			buildConfigurations = (
				01601FDC16818F6900E5FEF5 /* Debug */,
				01601FDD16818F6900E5FEF5 /* Release */,
			);
			defaultConfigurationIsVisible = 0;
			defaultConfigurationName = Release;
		};
/* End XCConfigurationList section */
	};
	rootObject = 01601FAE16818F6900E5FEF5 /* Project object */;
}
