// !$*UTF8*$!
{
	archiveVersion = 1;
	classes = {
	};
	objectVersion = 46;
	objects = {

/* Begin PBXBuildFile section */
		01601EC11679A77200E5FEF5 /* UIKit.framework in Frameworks */ = {isa = PBXBuildFile; fileRef = 01601EC01679A77200E5FEF5 /* UIKit.framework */; };
		01601EC31679A77200E5FEF5 /* Foundation.framework in Frameworks */ = {isa = PBXBuildFile; fileRef = 01601EC21679A77200E5FEF5 /* Foundation.framework */; };
		01601EC51679A77200E5FEF5 /* CoreGraphics.framework in Frameworks */ = {isa = PBXBuildFile; fileRef = 01601EC41679A77200E5FEF5 /* CoreGraphics.framework */; };
		01601ECB1679A77200E5FEF5 /* InfoPlist.strings in Resources */ = {isa = PBXBuildFile; fileRef = 01601EC91679A77200E5FEF5 /* InfoPlist.strings */; };
		01601ECD1679A77200E5FEF5 /* main.m in Sources */ = {isa = PBXBuildFile; fileRef = 01601ECC1679A77200E5FEF5 /* main.m */; };
		01601ED11679A77200E5FEF5 /* AppDelegate.m in Sources */ = {isa = PBXBuildFile; fileRef = 01601ED01679A77200E5FEF5 /* AppDelegate.m */; };
		01601ED31679A77200E5FEF5 /* Default.png in Resources */ = {isa = PBXBuildFile; fileRef = 01601ED21679A77200E5FEF5 /* Default.png */; };
		01601ED51679A77200E5FEF5 /* Default@2x.png in Resources */ = {isa = PBXBuildFile; fileRef = 01601ED41679A77200E5FEF5 /* Default@2x.png */; };
		01601ED71679A77200E5FEF5 /* Default-568h@2x.png in Resources */ = {isa = PBXBuildFile; fileRef = 01601ED61679A77200E5FEF5 /* Default-568h@2x.png */; };
		01601EDA1679A77200E5FEF5 /* ViewController.m in Sources */ = {isa = PBXBuildFile; fileRef = 01601ED91679A77200E5FEF5 /* ViewController.m */; };
		01601EDD1679A77200E5FEF5 /* ViewController.xib in Resources */ = {isa = PBXBuildFile; fileRef = 01601EDB1679A77200E5FEF5 /* ViewController.xib */; };
/* End PBXBuildFile section */

/* Begin PBXFileReference section */
		01601EBC1679A77200E5FEF5 /* ScrollViewTest.app */ = {isa = PBXFileReference; explicitFileType = wrapper.application; includeInIndex = 0; path = ScrollViewTest.app; sourceTree = BUILT_PRODUCTS_DIR; };
		01601EC01679A77200E5FEF5 /* UIKit.framework */ = {isa = PBXFileReference; lastKnownFileType = wrapper.framework; name = UIKit.framework; path = System/Library/Frameworks/UIKit.framework; sourceTree = SDKROOT; };
		01601EC21679A77200E5FEF5 /* Foundation.framework */ = {isa = PBXFileReference; lastKnownFileType = wrapper.framework; name = Foundation.framework; path = System/Library/Frameworks/Foundation.framework; sourceTree = SDKROOT; };
		01601EC41679A77200E5FEF5 /* CoreGraphics.framework */ = {isa = PBXFileReference; lastKnownFileType = wrapper.framework; name = CoreGraphics.framework; path = System/Library/Frameworks/CoreGraphics.framework; sourceTree = SDKROOT; };
		01601EC81679A77200E5FEF5 /* ScrollViewTest-Info.plist */ = {isa = PBXFileReference; lastKnownFileType = text.plist.xml; path = "ScrollViewTest-Info.plist"; sourceTree = "<group>"; };
		01601ECA1679A77200E5FEF5 /* en */ = {isa = PBXFileReference; lastKnownFileType = text.plist.strings; name = en; path = en.lproj/InfoPlist.strings; sourceTree = "<group>"; };
		01601ECC1679A77200E5FEF5 /* main.m */ = {isa = PBXFileReference; lastKnownFileType = sourcecode.c.objc; path = main.m; sourceTree = "<group>"; };
		01601ECE1679A77200E5FEF5 /* ScrollViewTest-Prefix.pch */ = {isa = PBXFileReference; lastKnownFileType = sourcecode.c.h; path = "ScrollViewTest-Prefix.pch"; sourceTree = "<group>"; };
		01601ECF1679A77200E5FEF5 /* AppDelegate.h */ = {isa = PBXFileReference; lastKnownFileType = sourcecode.c.h; path = AppDelegate.h; sourceTree = "<group>"; };
		01601ED01679A77200E5FEF5 /* AppDelegate.m */ = {isa = PBXFileReference; lastKnownFileType = sourcecode.c.objc; path = AppDelegate.m; sourceTree = "<group>"; };
		01601ED21679A77200E5FEF5 /* Default.png */ = {isa = PBXFileReference; lastKnownFileType = image.png; path = Default.png; sourceTree = "<group>"; };
		01601ED41679A77200E5FEF5 /* Default@2x.png */ = {isa = PBXFileReference; lastKnownFileType = image.png; path = "Default@2x.png"; sourceTree = "<group>"; };
		01601ED61679A77200E5FEF5 /* Default-568h@2x.png */ = {isa = PBXFileReference; lastKnownFileType = image.png; path = "Default-568h@2x.png"; sourceTree = "<group>"; };
		01601ED81679A77200E5FEF5 /* ViewController.h */ = {isa = PBXFileReference; lastKnownFileType = sourcecode.c.h; path = ViewController.h; sourceTree = "<group>"; };
		01601ED91679A77200E5FEF5 /* ViewController.m */ = {isa = PBXFileReference; lastKnownFileType = sourcecode.c.objc; path = ViewController.m; sourceTree = "<group>"; };
		01601EDC1679A77200E5FEF5 /* en */ = {isa = PBXFileReference; lastKnownFileType = file.xib; name = en; path = en.lproj/ViewController.xib; sourceTree = "<group>"; };
/* End PBXFileReference section */

/* Begin PBXFrameworksBuildPhase section */
		01601EB91679A77200E5FEF5 /* Frameworks */ = {
			isa = PBXFrameworksBuildPhase;
			buildActionMask = 2147483647;
			files = (
				01601EC11679A77200E5FEF5 /* UIKit.framework in Frameworks */,
				01601EC31679A77200E5FEF5 /* Foundation.framework in Frameworks */,
				01601EC51679A77200E5FEF5 /* CoreGraphics.framework in Frameworks */,
			);
			runOnlyForDeploymentPostprocessing = 0;
		};
/* End PBXFrameworksBuildPhase section */

/* Begin PBXGroup section */
		01601EB11679A77200E5FEF5 = {
			isa = PBXGroup;
			children = (
				01601EC61679A77200E5FEF5 /* ScrollViewTest */,
				01601EBF1679A77200E5FEF5 /* Frameworks */,
				01601EBD1679A77200E5FEF5 /* Products */,
			);
			sourceTree = "<group>";
		};
		01601EBD1679A77200E5FEF5 /* Products */ = {
			isa = PBXGroup;
			children = (
				01601EBC1679A77200E5FEF5 /* ScrollViewTest.app */,
			);
			name = Products;
			sourceTree = "<group>";
		};
		01601EBF1679A77200E5FEF5 /* Frameworks */ = {
			isa = PBXGroup;
			children = (
				01601EC01679A77200E5FEF5 /* UIKit.framework */,
				01601EC21679A77200E5FEF5 /* Foundation.framework */,
				01601EC41679A77200E5FEF5 /* CoreGraphics.framework */,
			);
			name = Frameworks;
			sourceTree = "<group>";
		};
		01601EC61679A77200E5FEF5 /* ScrollViewTest */ = {
			isa = PBXGroup;
			children = (
				01601ECF1679A77200E5FEF5 /* AppDelegate.h */,
				01601ED01679A77200E5FEF5 /* AppDelegate.m */,
				01601ED81679A77200E5FEF5 /* ViewController.h */,
				01601ED91679A77200E5FEF5 /* ViewController.m */,
				01601EDB1679A77200E5FEF5 /* ViewController.xib */,
				01601EC71679A77200E5FEF5 /* Supporting Files */,
			);
			path = ScrollViewTest;
			sourceTree = "<group>";
		};
		01601EC71679A77200E5FEF5 /* Supporting Files */ = {
			isa = PBXGroup;
			children = (
				01601EC81679A77200E5FEF5 /* ScrollViewTest-Info.plist */,
				01601EC91679A77200E5FEF5 /* InfoPlist.strings */,
				01601ECC1679A77200E5FEF5 /* main.m */,
				01601ECE1679A77200E5FEF5 /* ScrollViewTest-Prefix.pch */,
				01601ED21679A77200E5FEF5 /* Default.png */,
				01601ED41679A77200E5FEF5 /* Default@2x.png */,
				01601ED61679A77200E5FEF5 /* Default-568h@2x.png */,
			);
			name = "Supporting Files";
			sourceTree = "<group>";
		};
/* End PBXGroup section */

/* Begin PBXNativeTarget section */
		01601EBB1679A77200E5FEF5 /* ScrollViewTest */ = {
			isa = PBXNativeTarget;
			buildConfigurationList = 01601EE01679A77200E5FEF5 /* Build configuration list for PBXNativeTarget "ScrollViewTest" */;
			buildPhases = (
				01601EB81679A77200E5FEF5 /* Sources */,
				01601EB91679A77200E5FEF5 /* Frameworks */,
				01601EBA1679A77200E5FEF5 /* Resources */,
			);
			buildRules = (
			);
			dependencies = (
			);
			name = ScrollViewTest;
			productName = ScrollViewTest;
			productReference = 01601EBC1679A77200E5FEF5 /* ScrollViewTest.app */;
			productType = "com.apple.product-type.application";
		};
/* End PBXNativeTarget section */

/* Begin PBXProject section */
		01601EB31679A77200E5FEF5 /* Project object */ = {
			isa = PBXProject;
			attributes = {
				LastUpgradeCheck = 0450;
				ORGANIZATIONNAME = liuwei;
			};
			buildConfigurationList = 01601EB61679A77200E5FEF5 /* Build configuration list for PBXProject "ScrollViewTest" */;
			compatibilityVersion = "Xcode 3.2";
			developmentRegion = English;
			hasScannedForEncodings = 0;
			knownRegions = (
				en,
			);
			mainGroup = 01601EB11679A77200E5FEF5;
			productRefGroup = 01601EBD1679A77200E5FEF5 /* Products */;
			projectDirPath = "";
			projectRoot = "";
			targets = (
				01601EBB1679A77200E5FEF5 /* ScrollViewTest */,
			);
		};
/* End PBXProject section */

/* Begin PBXResourcesBuildPhase section */
		01601EBA1679A77200E5FEF5 /* Resources */ = {
			isa = PBXResourcesBuildPhase;
			buildActionMask = 2147483647;
			files = (
				01601ECB1679A77200E5FEF5 /* InfoPlist.strings in Resources */,
				01601ED31679A77200E5FEF5 /* Default.png in Resources */,
				01601ED51679A77200E5FEF5 /* Default@2x.png in Resources */,
				01601ED71679A77200E5FEF5 /* Default-568h@2x.png in Resources */,
				01601EDD1679A77200E5FEF5 /* ViewController.xib in Resources */,
			);
			runOnlyForDeploymentPostprocessing = 0;
		};
/* End PBXResourcesBuildPhase section */

/* Begin PBXSourcesBuildPhase section */
		01601EB81679A77200E5FEF5 /* Sources */ = {
			isa = PBXSourcesBuildPhase;
			buildActionMask = 2147483647;
			files = (
				01601ECD1679A77200E5FEF5 /* main.m in Sources */,
				01601ED11679A77200E5FEF5 /* AppDelegate.m in Sources */,
				01601EDA1679A77200E5FEF5 /* ViewController.m in Sources */,
			);
			runOnlyForDeploymentPostprocessing = 0;
		};
/* End PBXSourcesBuildPhase section */

/* Begin PBXVariantGroup section */
		01601EC91679A77200E5FEF5 /* InfoPlist.strings */ = {
			isa = PBXVariantGroup;
			children = (
				01601ECA1679A77200E5FEF5 /* en */,
			);
			name = InfoPlist.strings;
			sourceTree = "<group>";
		};
		01601EDB1679A77200E5FEF5 /* ViewController.xib */ = {
			isa = PBXVariantGroup;
			children = (
				01601EDC1679A77200E5FEF5 /* en */,
			);
			name = ViewController.xib;
			sourceTree = "<group>";
		};
/* End PBXVariantGroup section */

/* Begin XCBuildConfiguration section */
		01601EDE1679A77200E5FEF5 /* Debug */ = {
			isa = XCBuildConfiguration;
			buildSettings = {
				ALWAYS_SEARCH_USER_PATHS = NO;
				CLANG_CXX_LANGUAGE_STANDARD = "gnu++0x";
				CLANG_CXX_LIBRARY = "libc++";
				CLANG_WARN_EMPTY_BODY = YES;
				CLANG_WARN__DUPLICATE_METHOD_MATCH = YES;
				"CODE_SIGN_IDENTITY[sdk=iphoneos*]" = "iPhone Developer";
				COPY_PHASE_STRIP = NO;
				GCC_C_LANGUAGE_STANDARD = gnu99;
				GCC_DYNAMIC_NO_PIC = NO;
				GCC_OPTIMIZATION_LEVEL = 0;
				GCC_PREPROCESSOR_DEFINITIONS = (
					"DEBUG=1",
					"$(inherited)",
				);
				GCC_SYMBOLS_PRIVATE_EXTERN = NO;
				GCC_WARN_ABOUT_RETURN_TYPE = YES;
				GCC_WARN_UNINITIALIZED_AUTOS = YES;
				GCC_WARN_UNUSED_VARIABLE = YES;
				IPHONEOS_DEPLOYMENT_TARGET = 6.0;
				ONLY_ACTIVE_ARCH = YES;
				SDKROOT = iphoneos;
			};
			name = Debug;
		};
		01601EDF1679A77200E5FEF5 /* Release */ = {
			isa = XCBuildConfiguration;
			buildSettings = {
				ALWAYS_SEARCH_USER_PATHS = NO;
				CLANG_CXX_LANGUAGE_STANDARD = "gnu++0x";
				CLANG_CXX_LIBRARY = "libc++";
				CLANG_WARN_EMPTY_BODY = YES;
				CLANG_WARN__DUPLICATE_METHOD_MATCH = YES;
				"CODE_SIGN_IDENTITY[sdk=iphoneos*]" = "iPhone Developer";
				COPY_PHASE_STRIP = YES;
				GCC_C_LANGUAGE_STANDARD = gnu99;
				GCC_WARN_ABOUT_RETURN_TYPE = YES;
				GCC_WARN_UNINITIALIZED_AUTOS = YES;
				GCC_WARN_UNUSED_VARIABLE = YES;
				IPHONEOS_DEPLOYMENT_TARGET = 6.0;
				OTHER_CFLAGS = "-DNS_BLOCK_ASSERTIONS=1";
				SDKROOT = iphoneos;
				VALIDATE_PRODUCT = YES;
			};
			name = Release;
		};
		01601EE11679A77200E5FEF5 /* Debug */ = {
			isa = XCBuildConfiguration;
			buildSettings = {
				GCC_PRECOMPILE_PREFIX_HEADER = YES;
				GCC_PREFIX_HEADER = "ScrollViewTest/ScrollViewTest-Prefix.pch";
				INFOPLIST_FILE = "ScrollViewTest/ScrollViewTest-Info.plist";
				PRODUCT_NAME = "$(TARGET_NAME)";
				WRAPPER_EXTENSION = app;
			};
			name = Debug;
		};
		01601EE21679A77200E5FEF5 /* Release */ = {
			isa = XCBuildConfiguration;
			buildSettings = {
				GCC_PRECOMPILE_PREFIX_HEADER = YES;
				GCC_PREFIX_HEADER = "ScrollViewTest/ScrollViewTest-Prefix.pch";
				INFOPLIST_FILE = "ScrollViewTest/ScrollViewTest-Info.plist";
				PRODUCT_NAME = "$(TARGET_NAME)";
				WRAPPER_EXTENSION = app;
			};
			name = Release;
		};
/* End XCBuildConfiguration section */

/* Begin XCConfigurationList section */
		01601EB61679A77200E5FEF5 /* Build configuration list for PBXProject "ScrollViewTest" */ = {
			isa = XCConfigurationList;
			buildConfigurations = (
				01601EDE1679A77200E5FEF5 /* Debug */,
				01601EDF1679A77200E5FEF5 /* Release */,
			);
			defaultConfigurationIsVisible = 0;
			defaultConfigurationName = Release;
		};
		01601EE01679A77200E5FEF5 /* Build configuration list for PBXNativeTarget "ScrollViewTest" */ = {
			isa = XCConfigurationList;
			buildConfigurations = (
				01601EE11679A77200E5FEF5 /* Debug */,
				01601EE21679A77200E5FEF5 /* Release */,
			);
			defaultConfigurationIsVisible = 0;
		};
/* End XCConfigurationList section */
	};
	rootObject = 01601EB31679A77200E5FEF5 /* Project object */;
}
